
Microsoft Visual Studio Solution File, Format Version 12.00
# Visual Studio Version 17
VisualStudioVersion = 17.6.33815.320
MinimumVisualStudioVersion = 10.0.40219.1
Project("{FAE04EC0-301F-11D3-BF4B-00C04F79EFBC}") = "compiler_project(syntax)", "compiler_project(syntax)\compiler_project(syntax).csproj", "{AC32A57C-4E19-4886-A036-CE7FC4546193}"
EndProject
Global
	GlobalSection(SolutionConfigurationPlatforms) = preSolution
		Debug|Any CPU = Debug|Any CPU
		Release|Any CPU = Release|Any CPU
	EndGlobalSection
	GlobalSection(ProjectConfigurationPlatforms) = postSolution
		{AC32A57C-4E19-4886-A036-CE7FC4546193}.Debug|Any CPU.ActiveCfg = Debug|Any CPU
		{AC32A57C-4E19-4886-A036-CE7FC4546193}.Debug|Any CPU.Build.0 = Debug|Any CPU
		{AC32A57C-4E19-4886-A036-CE7FC4546193}.Release|Any CPU.ActiveCfg = Release|Any CPU
		{AC32A57C-4E19-4886-A036-CE7FC4546193}.Release|Any CPU.Build.0 = Release|Any CPU
	EndGlobalSection
	GlobalSection(SolutionProperties) = preSolution
		HideSolutionNode = FALSE
	EndGlobalSection
	GlobalSection(ExtensibilityGlobals) = postSolution
		SolutionGuid = {C287C69C-CEB3-4042-A34E-6616BF82E2CC}
	EndGlobalSection
EndGlobal
